
Microsoft Visual Studio Solution File, Format Version 12.00
# Visual Studio 2012
Project("{FAE04EC0-301F-11D3-BF4B-00C04F79EFBC}") = "Getting Tweets", "Getting Tweets\Getting Tweets.csproj", "{C22BDE78-1311-4F71-B94A-0D8B3E7FC483}"
EndProject
Global
	GlobalSection(SolutionConfigurationPlatforms) = preSolution
		Debug|Any CPU = Debug|Any CPU
		Release|Any CPU = Release|Any CPU
	EndGlobalSection
	GlobalSection(ProjectConfigurationPlatforms) = postSolution
		{C22BDE78-1311-4F71-B94A-0D8B3E7FC483}.Debug|Any CPU.ActiveCfg = Debug|Any CPU
		{C22BDE78-1311-4F71-B94A-0D8B3E7FC483}.Debug|Any CPU.Build.0 = Debug|Any CPU
		{C22BDE78-1311-4F71-B94A-0D8B3E7FC483}.Release|Any CPU.ActiveCfg = Release|Any CPU
		{C22BDE78-1311-4F71-B94A-0D8B3E7FC483}.Release|Any CPU.Build.0 = Release|Any CPU
	EndGlobalSection
	GlobalSection(SolutionProperties) = preSolution
		HideSolutionNode = FALSE
	EndGlobalSection
EndGlobal
